
Microsoft Visual Studio Solution File, Format Version 12.00
# Visual Studio Version 17
VisualStudioVersion = 17.6.33723.286
MinimumVisualStudioVersion = 10.0.40219.1
Project("{FAE04EC0-301F-11D3-BF4B-00C04F79EFBC}") = "ws_Mantenimiento", "ws_Mantenimiento\ws_Mantenimiento.csproj", "{3D95C25E-ED7E-4D1C-851C-F3D1CC44E5B9}"
EndProject
Global
	GlobalSection(SolutionConfigurationPlatforms) = preSolution
		Debug|Any CPU = Debug|Any CPU
		Release|Any CPU = Release|Any CPU
	EndGlobalSection
	GlobalSection(ProjectConfigurationPlatforms) = postSolution
		{3D95C25E-ED7E-4D1C-851C-F3D1CC44E5B9}.Debug|Any CPU.ActiveCfg = Debug|Any CPU
		{3D95C25E-ED7E-4D1C-851C-F3D1CC44E5B9}.Debug|Any CPU.Build.0 = Debug|Any CPU
		{3D95C25E-ED7E-4D1C-851C-F3D1CC44E5B9}.Release|Any CPU.ActiveCfg = Release|Any CPU
		{3D95C25E-ED7E-4D1C-851C-F3D1CC44E5B9}.Release|Any CPU.Build.0 = Release|Any CPU
	EndGlobalSection
	GlobalSection(SolutionProperties) = preSolution
		HideSolutionNode = FALSE
	EndGlobalSection
	GlobalSection(ExtensibilityGlobals) = postSolution
		SolutionGuid = {EB48397A-FB96-4833-86AB-306175A2030C}
	EndGlobalSection
EndGlobal
